<?xml version="1.0" encoding="utf-8"?>
<Project ToolsVersion="4.0" xmlns="http://schemas.microsoft.com/developer/msbuild/2003">
  <ItemGroup>
    <Filter Include="Source Files">
      <UniqueIdentifier>{4FC737F1-C7A5-4376-A066-2A32D752A2FF}</UniqueIdentifier>
      <Extensions>cpp;c;cc;cxx;def;odl;idl;hpj;bat;asm;asmx</Extensions>
    </Filter>
    <Filter Include="Header Files">
      <UniqueIdentifier>{93995380-89BD-4b04-88EB-625FBE52EBFB}</UniqueIdentifier>
      <Extensions>h;hh;hpp;hxx;hm;inl;inc;ipp;xsd</Extensions>
    </Filter>
    <Filter Include="Resource Files">
      <UniqueIdentifier>{67DA6AB6-F800-4c08-8B7A-83BB121AAD01}</UniqueIdentifier>
      <Extensions>rc;ico;cur;bmp;dlg;rc2;rct;bin;rgs;gif;jpg;jpeg;jpe;resx;tiff;tif;png;wav;mfcribbon-ms</Extensions>
    </Filter>
    <Filter Include="Source Files\Network">
      <UniqueIdentifier>{A1B2C3D4-1111-2222-3333-444455556666}</UniqueIdentifier>
    </Filter>
    <Filter Include="Header Files\Network">
      <UniqueIdentifier>{A1B2C3D4-1111-2222-3333-444455557777}</UniqueIdentifier>
    </Filter>
  </ItemGroup>
  <ItemGroup>
    <ClCompile Include="Server.cpp">
      <Filter>Source Files</Filter>
    </ClCompile>
    <ClCompile Include="ServerApp.cpp">
      <Filter>Source Files</Filter>
    </ClCompile>
    <ClCompile Include="ServerGlobal.cpp">
      <Filter>Source Files</Filter>
    </ClCompile>
    <ClCompile Include="Network\Listener.cpp">
      <Filter>Source Files\Network</Filter>
    </ClCompile>
    <ClCompile Include="Network\GameSession.cpp">
      <Filter>Source Files\Network</Filter>
    </ClCompile>
    <ClCompile Include="Network\Room.cpp">
      <Filter>Source Files\Network</Filter>
    </ClCompile>
    <ClCompile Include="Network\RoomManager.cpp">
      <Filter>Source Files\Network</Filter>
    </ClCompile>
    <ClCompile Include="Network\ClientPacketHandler.cpp">
      <Filter>Source Files\Network</Filter>
    </ClCompile>
    <ClCompile Include="Network\HandlerPrelude.cpp">
      <Filter>Source Files\Network</Filter>
    </ClCompile>
    <ClCompile Include="Network\Protocol.pb.cc">
      <Filter>Source Files\Network</Filter>
    </ClCompile>
  </ItemGroup>
  <ItemGroup>
    <ClInclude Include="ServerApp.h">
      <Filter>Header Files</Filter>
    </ClInclude>
    <ClInclude Include="ServerGlobal.h">
      <Filter>Header Files</Filter>
    </ClInclude>
    <ClInclude Include="Network\Listener.h">
      <Filter>Header Files\Network</Filter>
    </ClInclude>
    <ClInclude Include="Network\GameSession.h">
      <Filter>Header Files\Network</Filter>
    </ClInclude>
    <ClInclude Include="Network\Room.h">
      <Filter>Header Files\Network</Filter>
    </ClInclude>
    <ClInclude Include="Network\RoomManager.h">
      <Filter>Header Files\Network</Filter>
    </ClInclude>
    <ClInclude Include="Network\ClientPacketHandler.h">
      <Filter>Header Files\Network</Filter>
    </ClInclude>
    <ClInclude Include="Network\HandlerPrelude.h">
      <Filter>Header Files\Network</Filter>
    </ClInclude>
    <ClInclude Include="Network\Protocol.pb.h">
      <Filter>Header Files\Network</Filter>
    </ClInclude>
  </ItemGroup>
  <ItemGroup>
    <None Include="..\Proto\Protocol.proto" />
  </ItemGroup>
</Project>
